
Microsoft Visual Studio Solution File, Format Version 12.00
# Visual Studio Version 17
VisualStudioVersion = 17.2.32516.85
MinimumVisualStudioVersion = 10.0.40219.1
Project("{9A19103F-16F7-4668-BE54-9A1E7A4F7556}") = "CodingChallenges", "CodingChallenges\CodingChallenges.csproj", "{8F0B68D6-D5C1-450A-885A-481081F26DD1}"
EndProject
Project("{9A19103F-16F7-4668-BE54-9A1E7A4F7556}") = "CodingChallenges.Tests", "CodingChallenges.Tests\CodingChallenges.Tests.csproj", "{ACDF42F6-6B01-4AE9-B70F-04EF10AAE30F}"
EndProject
Global
	GlobalSection(SolutionConfigurationPlatforms) = preSolution
		Debug|Any CPU = Debug|Any CPU
		Release|Any CPU = Release|Any CPU
	EndGlobalSection
	GlobalSection(ProjectConfigurationPlatforms) = postSolution
		{8F0B68D6-D5C1-450A-885A-481081F26DD1}.Debug|Any CPU.ActiveCfg = Debug|Any CPU
		{8F0B68D6-D5C1-450A-885A-481081F26DD1}.Debug|Any CPU.Build.0 = Debug|Any CPU
		{8F0B68D6-D5C1-450A-885A-481081F26DD1}.Release|Any CPU.ActiveCfg = Release|Any CPU
		{8F0B68D6-D5C1-450A-885A-481081F26DD1}.Release|Any CPU.Build.0 = Release|Any CPU
		{ACDF42F6-6B01-4AE9-B70F-04EF10AAE30F}.Debug|Any CPU.ActiveCfg = Debug|Any CPU
		{ACDF42F6-6B01-4AE9-B70F-04EF10AAE30F}.Debug|Any CPU.Build.0 = Debug|Any CPU
		{ACDF42F6-6B01-4AE9-B70F-04EF10AAE30F}.Release|Any CPU.ActiveCfg = Release|Any CPU
		{ACDF42F6-6B01-4AE9-B70F-04EF10AAE30F}.Release|Any CPU.Build.0 = Release|Any CPU
	EndGlobalSection
	GlobalSection(SolutionProperties) = preSolution
		HideSolutionNode = FALSE
	EndGlobalSection
	GlobalSection(ExtensibilityGlobals) = postSolution
		SolutionGuid = {48763812-9E68-4E90-87DA-20111E626802}
	EndGlobalSection
EndGlobal
