
Microsoft Visual Studio Solution File, Format Version 12.00
# Visual Studio Version 16
VisualStudioVersion = 16.0.31624.102
MinimumVisualStudioVersion = 10.0.40219.1
Project("{9A19103F-16F7-4668-BE54-9A1E7A4F7556}") = "CrakingTheCodingInterview.Tests", "CrakingTheCodeInterview.Test\CrakingTheCodingInterview.Tests.csproj", "{EE985176-D7C8-4907-8723-A87F27F915DF}"
EndProject
Project("{FAE04EC0-301F-11D3-BF4B-00C04F79EFBC}") = "CrakingTheCodingInterview", "CrakingTheCodingInterview\CrakingTheCodingInterview.csproj", "{8F0B68D6-D5C1-450A-885A-481081F26DD1}"
EndProject
Global
	GlobalSection(SolutionConfigurationPlatforms) = preSolution
		Debug|Any CPU = Debug|Any CPU
		Release|Any CPU = Release|Any CPU
	EndGlobalSection
	GlobalSection(ProjectConfigurationPlatforms) = postSolution
		{EE985176-D7C8-4907-8723-A87F27F915DF}.Debug|Any CPU.ActiveCfg = Debug|Any CPU
		{EE985176-D7C8-4907-8723-A87F27F915DF}.Debug|Any CPU.Build.0 = Debug|Any CPU
		{EE985176-D7C8-4907-8723-A87F27F915DF}.Release|Any CPU.ActiveCfg = Release|Any CPU
		{EE985176-D7C8-4907-8723-A87F27F915DF}.Release|Any CPU.Build.0 = Release|Any CPU
		{8F0B68D6-D5C1-450A-885A-481081F26DD1}.Debug|Any CPU.ActiveCfg = Debug|Any CPU
		{8F0B68D6-D5C1-450A-885A-481081F26DD1}.Debug|Any CPU.Build.0 = Debug|Any CPU
		{8F0B68D6-D5C1-450A-885A-481081F26DD1}.Release|Any CPU.ActiveCfg = Release|Any CPU
		{8F0B68D6-D5C1-450A-885A-481081F26DD1}.Release|Any CPU.Build.0 = Release|Any CPU
	EndGlobalSection
	GlobalSection(SolutionProperties) = preSolution
		HideSolutionNode = FALSE
	EndGlobalSection
	GlobalSection(ExtensibilityGlobals) = postSolution
		SolutionGuid = {48763812-9E68-4E90-87DA-20111E626802}
	EndGlobalSection
EndGlobal
